<?xml version="1.0" encoding="utf-8"?>
<Project ToolsVersion="4.0" xmlns="http://schemas.microsoft.com/developer/msbuild/2003">
  <ItemGroup>
    <Filter Include="源文件">
      <UniqueIdentifier>{4FC737F1-C7A5-4376-A066-2A32D752A2FF}</UniqueIdentifier>
      <Extensions>cpp;c;cc;cxx;def;odl;idl;hpj;bat;asm;asmx</Extensions>
    </Filter>
    <Filter Include="头文件">
      <UniqueIdentifier>{93995380-89BD-4b04-88EB-625FBE52EBFB}</UniqueIdentifier>
      <Extensions>h;hh;hpp;hxx;hm;inl;inc;xsd</Extensions>
    </Filter>
    <Filter Include="资源文件">
      <UniqueIdentifier>{67DA6AB6-F800-4c08-8B7A-83BB121AAD01}</UniqueIdentifier>
      <Extensions>rc;ico;cur;bmp;dlg;rc2;rct;bin;rgs;gif;jpg;jpeg;jpe;resx;tiff;tif;png;wav;mfcribbon-ms</Extensions>
    </Filter>
  </ItemGroup>
  <ItemGroup>
    <ClInclude Include="inc\common.h">
      <Filter>头文件</Filter>
    </ClInclude>
    <ClInclude Include="inc\Mesh.h">
      <Filter>头文件</Filter>
    </ClInclude>
    <ClInclude Include="inc\Shader.h">
      <Filter>头文件</Filter>
    </ClInclude>
    <ClInclude Include="inc\Camera.h">
      <Filter>头文件</Filter>
    </ClInclude>
    <ClInclude Include="inc\model.h">
      <Filter>头文件</Filter>
    </ClInclude>
    <ClInclude Include="inc\stb_image.h">
      <Filter>头文件</Filter>
    </ClInclude>
    <ClInclude Include="src\KeyFrame\kFrame.h">
      <Filter>头文件</Filter>
    </ClInclude>
    <ClInclude Include="src\KeyFrame\kFAnimMgr.h">
      <Filter>头文件</Filter>
    </ClInclude>
    <ClInclude Include="3rdparty\imgui\include\imconfig.h">
      <Filter>头文件</Filter>
    </ClInclude>
    <ClInclude Include="3rdparty\imgui\include\imgui.h">
      <Filter>头文件</Filter>
    </ClInclude>
    <ClInclude Include="3rdparty\imgui\include\imgui_impl_glfw.h">
      <Filter>头文件</Filter>
    </ClInclude>
    <ClInclude Include="3rdparty\imgui\include\imgui_impl_opengl3.h">
      <Filter>头文件</Filter>
    </ClInclude>
    <ClInclude Include="3rdparty\imgui\include\imgui_internal.h">
      <Filter>头文件</Filter>
    </ClInclude>
    <ClInclude Include="3rdparty\imgui\include\imstb_rectpack.h">
      <Filter>头文件</Filter>
    </ClInclude>
    <ClInclude Include="3rdparty\imgui\include\imstb_textedit.h">
      <Filter>头文件</Filter>
    </ClInclude>
    <ClInclude Include="3rdparty\imgui\include\imstb_truetype.h">
      <Filter>头文件</Filter>
    </ClInclude>
    <ClInclude Include="src\KFrameEditorGUI.h">
      <Filter>头文件</Filter>
    </ClInclude>
    <ClInclude Include="inc\Object.h">
      <Filter>头文件</Filter>
    </ClInclude>
    <ClInclude Include="src\Hair\HairMassPoint.h">
      <Filter>头文件</Filter>
    </ClInclude>
    <ClInclude Include="src\Hair\HairStrand.h">
      <Filter>头文件</Filter>
    </ClInclude>
    <ClInclude Include="src\BoundingShapes\BoundCapsule.h">
      <Filter>头文件</Filter>
    </ClInclude>
    <ClInclude Include="src\Hair\HairMSSovler.h">
      <Filter>头文件</Filter>
    </ClInclude>
  </ItemGroup>
  <ItemGroup>
    <ClCompile Include="3rdparty\GLAD\src\glad.c">
      <Filter>源文件</Filter>
    </ClCompile>
    <ClCompile Include="src\KeyFrame\kFrame.cpp">
      <Filter>源文件</Filter>
    </ClCompile>
    <ClCompile Include="src\KeyFrame\kFAnimMgr.cpp">
      <Filter>源文件</Filter>
    </ClCompile>
    <ClCompile Include="3rdparty\imgui\include\imgui.cpp">
      <Filter>源文件</Filter>
    </ClCompile>
    <ClCompile Include="3rdparty\imgui\include\imgui_demo.cpp">
      <Filter>源文件</Filter>
    </ClCompile>
    <ClCompile Include="3rdparty\imgui\include\imgui_draw.cpp">
      <Filter>源文件</Filter>
    </ClCompile>
    <ClCompile Include="3rdparty\imgui\include\imgui_impl_glfw.cpp">
      <Filter>源文件</Filter>
    </ClCompile>
    <ClCompile Include="3rdparty\imgui\include\imgui_impl_opengl3.cpp">
      <Filter>源文件</Filter>
    </ClCompile>
    <ClCompile Include="3rdparty\imgui\include\imgui_widgets.cpp">
      <Filter>源文件</Filter>
    </ClCompile>
    <ClCompile Include="src\main.cpp">
      <Filter>源文件</Filter>
    </ClCompile>
    <ClCompile Include="inc\Object.cpp">
      <Filter>源文件</Filter>
    </ClCompile>
    <ClCompile Include="src\Hair\HairStrand.cpp">
      <Filter>源文件</Filter>
    </ClCompile>
    <ClCompile Include="src\BoundingShapes\BoundCapsule.cpp">
      <Filter>源文件</Filter>
    </ClCompile>
  </ItemGroup>
  <ItemGroup>
    <None Include="3rdparty\assimp\lib\assimp.dll" />
  </ItemGroup>
</Project>